// !$*UTF8*$!
{
	archiveVersion = 1;
	classes = {
	};
	objectVersion = 46;
	objects = {

/* Begin PBXBuildFile section */
		393B77A11CC4221B00E93AB7 /* bill.swift in Sources */ = {isa = PBXBuildFile; fileRef = 393B77A01CC4221B00E93AB7 /* bill.swift */; };
		398A486A1CC09C7000427138 /* opensecretsAPI.swift in Sources */ = {isa = PBXBuildFile; fileRef = 398A48691CC09C7000427138 /* opensecretsAPI.swift */; };
		398A486E1CC0A78300427138 /* contributorsViewController.swift in Sources */ = {isa = PBXBuildFile; fileRef = 398A486D1CC0A78300427138 /* contributorsViewController.swift */; };
		399AED931C927E3500AE488F /* AppDelegate.swift in Sources */ = {isa = PBXBuildFile; fileRef = 399AED921C927E3500AE488F /* AppDelegate.swift */; };
		399AED951C927E3500AE488F /* ViewController.swift in Sources */ = {isa = PBXBuildFile; fileRef = 399AED941C927E3500AE488F /* ViewController.swift */; };
		399AED981C927E3500AE488F /* Main.storyboard in Resources */ = {isa = PBXBuildFile; fileRef = 399AED961C927E3500AE488F /* Main.storyboard */; };
		399AED9A1C927E3500AE488F /* Assets.xcassets in Resources */ = {isa = PBXBuildFile; fileRef = 399AED991C927E3500AE488F /* Assets.xcassets */; };
		399AED9D1C927E3500AE488F /* LaunchScreen.storyboard in Resources */ = {isa = PBXBuildFile; fileRef = 399AED9B1C927E3500AE488F /* LaunchScreen.storyboard */; };
		399AEDA71C927EE500AE488F /* congressTableViewCell.swift in Sources */ = {isa = PBXBuildFile; fileRef = 399AEDA61C927EE500AE488F /* congressTableViewCell.swift */; };
		399AEDA91C927FD800AE488F /* congressPerson.swift in Sources */ = {isa = PBXBuildFile; fileRef = 399AEDA81C927FD800AE488F /* congressPerson.swift */; };
		399AEDAC1C9282A400AE488F /* congressAPI.swift in Sources */ = {isa = PBXBuildFile; fileRef = 399AEDAB1C9282A400AE488F /* congressAPI.swift */; };
		399AEDB01C93367B00AE488F /* congressmanDetailView.swift in Sources */ = {isa = PBXBuildFile; fileRef = 399AEDAF1C93367B00AE488F /* congressmanDetailView.swift */; };
		399AEDB31C979ACC00AE488F /* detailTableViewCell.swift in Sources */ = {isa = PBXBuildFile; fileRef = 399AEDB21C979ACC00AE488F /* detailTableViewCell.swift */; };
		399AEDB51C979BC400AE488F /* vote.swift in Sources */ = {isa = PBXBuildFile; fileRef = 399AEDB41C979BC400AE488F /* vote.swift */; };
		399AEDB71C97A9EC00AE488F /* voteDetailViewController.swift in Sources */ = {isa = PBXBuildFile; fileRef = 399AEDB61C97A9EC00AE488F /* voteDetailViewController.swift */; };
		399AEDB91C97BA4200AE488F /* twitterAPI.swift in Sources */ = {isa = PBXBuildFile; fileRef = 399AEDB81C97BA4200AE488F /* twitterAPI.swift */; };
		399AEDBB1C97BCD300AE488F /* twitterUser.swift in Sources */ = {isa = PBXBuildFile; fileRef = 399AEDBA1C97BCD300AE488F /* twitterUser.swift */; };
		399AEDBF1C9A34CB00AE488F /* composeViewController.swift in Sources */ = {isa = PBXBuildFile; fileRef = 399AEDBE1C9A34CB00AE488F /* composeViewController.swift */; };
		9817767237B96AF4DB09B21D /* Pods.framework in Frameworks */ = {isa = PBXBuildFile; fileRef = 0433A8EABE488768BCA0805B /* Pods.framework */; };
/* End PBXBuildFile section */

/* Begin PBXFileReference section */
		0433A8EABE488768BCA0805B /* Pods.framework */ = {isa = PBXFileReference; explicitFileType = wrapper.framework; includeInIndex = 0; path = Pods.framework; sourceTree = BUILT_PRODUCTS_DIR; };
		32D662EDAE325B89DDE005A2 /* Pods.debug.xcconfig */ = {isa = PBXFileReference; includeInIndex = 1; lastKnownFileType = text.xcconfig; name = Pods.debug.xcconfig; path = "Pods/Target Support Files/Pods/Pods.debug.xcconfig"; sourceTree = "<group>"; };
		393B77A01CC4221B00E93AB7 /* bill.swift */ = {isa = PBXFileReference; fileEncoding = 4; lastKnownFileType = sourcecode.swift; path = bill.swift; sourceTree = "<group>"; };
		398A48691CC09C7000427138 /* opensecretsAPI.swift */ = {isa = PBXFileReference; fileEncoding = 4; lastKnownFileType = sourcecode.swift; path = opensecretsAPI.swift; sourceTree = "<group>"; };
		398A486D1CC0A78300427138 /* contributorsViewController.swift */ = {isa = PBXFileReference; fileEncoding = 4; lastKnownFileType = sourcecode.swift; path = contributorsViewController.swift; sourceTree = "<group>"; };
		399AED8F1C927E3500AE488F /* congressionalTwitter.app */ = {isa = PBXFileReference; explicitFileType = wrapper.application; includeInIndex = 0; path = congressionalTwitter.app; sourceTree = BUILT_PRODUCTS_DIR; };
		399AED921C927E3500AE488F /* AppDelegate.swift */ = {isa = PBXFileReference; lastKnownFileType = sourcecode.swift; path = AppDelegate.swift; sourceTree = "<group>"; };
		399AED941C927E3500AE488F /* ViewController.swift */ = {isa = PBXFileReference; lastKnownFileType = sourcecode.swift; path = ViewController.swift; sourceTree = "<group>"; };
		399AED971C927E3500AE488F /* Base */ = {isa = PBXFileReference; lastKnownFileType = file.storyboard; name = Base; path = Base.lproj/Main.storyboard; sourceTree = "<group>"; };
		399AED991C927E3500AE488F /* Assets.xcassets */ = {isa = PBXFileReference; lastKnownFileType = folder.assetcatalog; path = Assets.xcassets; sourceTree = "<group>"; };
		399AED9C1C927E3500AE488F /* Base */ = {isa = PBXFileReference; lastKnownFileType = file.storyboard; name = Base; path = Base.lproj/LaunchScreen.storyboard; sourceTree = "<group>"; };
		399AED9E1C927E3500AE488F /* Info.plist */ = {isa = PBXFileReference; lastKnownFileType = text.plist.xml; path = Info.plist; sourceTree = "<group>"; };
		399AEDA61C927EE500AE488F /* congressTableViewCell.swift */ = {isa = PBXFileReference; fileEncoding = 4; lastKnownFileType = sourcecode.swift; path = congressTableViewCell.swift; sourceTree = "<group>"; };
		399AEDA81C927FD800AE488F /* congressPerson.swift */ = {isa = PBXFileReference; fileEncoding = 4; lastKnownFileType = sourcecode.swift; path = congressPerson.swift; sourceTree = "<group>"; };
		399AEDAB1C9282A400AE488F /* congressAPI.swift */ = {isa = PBXFileReference; fileEncoding = 4; lastKnownFileType = sourcecode.swift; path = congressAPI.swift; sourceTree = "<group>"; };
		399AEDAF1C93367B00AE488F /* congressmanDetailView.swift */ = {isa = PBXFileReference; fileEncoding = 4; lastKnownFileType = sourcecode.swift; path = congressmanDetailView.swift; sourceTree = "<group>"; };
		399AEDB21C979ACC00AE488F /* detailTableViewCell.swift */ = {isa = PBXFileReference; fileEncoding = 4; lastKnownFileType = sourcecode.swift; path = detailTableViewCell.swift; sourceTree = "<group>"; };
		399AEDB41C979BC400AE488F /* vote.swift */ = {isa = PBXFileReference; fileEncoding = 4; lastKnownFileType = sourcecode.swift; path = vote.swift; sourceTree = "<group>"; };
		399AEDB61C97A9EC00AE488F /* voteDetailViewController.swift */ = {isa = PBXFileReference; fileEncoding = 4; lastKnownFileType = sourcecode.swift; path = voteDetailViewController.swift; sourceTree = "<group>"; };
		399AEDB81C97BA4200AE488F /* twitterAPI.swift */ = {isa = PBXFileReference; fileEncoding = 4; lastKnownFileType = sourcecode.swift; path = twitterAPI.swift; sourceTree = "<group>"; };
		399AEDBA1C97BCD300AE488F /* twitterUser.swift */ = {isa = PBXFileReference; fileEncoding = 4; lastKnownFileType = sourcecode.swift; path = twitterUser.swift; sourceTree = "<group>"; };
		399AEDBE1C9A34CB00AE488F /* composeViewController.swift */ = {isa = PBXFileReference; fileEncoding = 4; lastKnownFileType = sourcecode.swift; path = composeViewController.swift; sourceTree = "<group>"; };
		514966BB35D85546A91AA222 /* Pods.release.xcconfig */ = {isa = PBXFileReference; includeInIndex = 1; lastKnownFileType = text.xcconfig; name = Pods.release.xcconfig; path = "Pods/Target Support Files/Pods/Pods.release.xcconfig"; sourceTree = "<group>"; };
/* End PBXFileReference section */

/* Begin PBXFrameworksBuildPhase section */
		399AED8C1C927E3500AE488F /* Frameworks */ = {
			isa = PBXFrameworksBuildPhase;
			buildActionMask = 2147483647;
			files = (
				9817767237B96AF4DB09B21D /* Pods.framework in Frameworks */,
			);
			runOnlyForDeploymentPostprocessing = 0;
		};
/* End PBXFrameworksBuildPhase section */

/* Begin PBXGroup section */
		399AED861C927E3500AE488F = {
			isa = PBXGroup;
			children = (
				399AED911C927E3500AE488F /* congressionalTwitter */,
				399AED901C927E3500AE488F /* Products */,
				978C0F1648F56351869DCF7B /* Pods */,
				6A3AC0BC8DEECBBE31BFC77C /* Frameworks */,
			);
			sourceTree = "<group>";
		};
		399AED901C927E3500AE488F /* Products */ = {
			isa = PBXGroup;
			children = (
				399AED8F1C927E3500AE488F /* congressionalTwitter.app */,
			);
			name = Products;
			sourceTree = "<group>";
		};
		399AED911C927E3500AE488F /* congressionalTwitter */ = {
			isa = PBXGroup;
			children = (
				399AEDB11C979AA900AE488F /* Table Cells */,
				399AEDAE1C93365600AE488F /* View Controllers */,
				399AEDAD1C93247400AE488F /* Classes */,
				399AEDAA1C92827300AE488F /* API */,
				399AED921C927E3500AE488F /* AppDelegate.swift */,
				399AED961C927E3500AE488F /* Main.storyboard */,
				399AED991C927E3500AE488F /* Assets.xcassets */,
				399AED9B1C927E3500AE488F /* LaunchScreen.storyboard */,
				399AED9E1C927E3500AE488F /* Info.plist */,
			);
			path = congressionalTwitter;
			sourceTree = "<group>";
		};
		399AEDAA1C92827300AE488F /* API */ = {
			isa = PBXGroup;
			children = (
				399AEDAB1C9282A400AE488F /* congressAPI.swift */,
				399AEDB81C97BA4200AE488F /* twitterAPI.swift */,
				398A48691CC09C7000427138 /* opensecretsAPI.swift */,
			);
			name = API;
			sourceTree = "<group>";
		};
		399AEDAD1C93247400AE488F /* Classes */ = {
			isa = PBXGroup;
			children = (
				399AEDA81C927FD800AE488F /* congressPerson.swift */,
				399AEDB41C979BC400AE488F /* vote.swift */,
				399AEDBA1C97BCD300AE488F /* twitterUser.swift */,
				393B77A01CC4221B00E93AB7 /* bill.swift */,
			);
			name = Classes;
			sourceTree = "<group>";
		};
		399AEDAE1C93365600AE488F /* View Controllers */ = {
			isa = PBXGroup;
			children = (
				399AEDAF1C93367B00AE488F /* congressmanDetailView.swift */,
				399AED941C927E3500AE488F /* ViewController.swift */,
				399AEDB61C97A9EC00AE488F /* voteDetailViewController.swift */,
				399AEDBE1C9A34CB00AE488F /* composeViewController.swift */,
				398A486D1CC0A78300427138 /* contributorsViewController.swift */,
			);
			name = "View Controllers";
			sourceTree = "<group>";
		};
		399AEDB11C979AA900AE488F /* Table Cells */ = {
			isa = PBXGroup;
			children = (
				399AEDA61C927EE500AE488F /* congressTableViewCell.swift */,
				399AEDB21C979ACC00AE488F /* detailTableViewCell.swift */,
			);
			name = "Table Cells";
			sourceTree = "<group>";
		};
		6A3AC0BC8DEECBBE31BFC77C /* Frameworks */ = {
			isa = PBXGroup;
			children = (
				0433A8EABE488768BCA0805B /* Pods.framework */,
			);
			name = Frameworks;
			sourceTree = "<group>";
		};
		978C0F1648F56351869DCF7B /* Pods */ = {
			isa = PBXGroup;
			children = (
				32D662EDAE325B89DDE005A2 /* Pods.debug.xcconfig */,
				514966BB35D85546A91AA222 /* Pods.release.xcconfig */,
			);
			name = Pods;
			sourceTree = "<group>";
		};
/* End PBXGroup section */

/* Begin PBXNativeTarget section */
		399AED8E1C927E3500AE488F /* congressionalTwitter */ = {
			isa = PBXNativeTarget;
			buildConfigurationList = 399AEDA11C927E3500AE488F /* Build configuration list for PBXNativeTarget "congressionalTwitter" */;
			buildPhases = (
				EB36749BBF74111A3E526141 /* Check Pods Manifest.lock */,
				399AED8B1C927E3500AE488F /* Sources */,
				399AED8C1C927E3500AE488F /* Frameworks */,
				399AED8D1C927E3500AE488F /* Resources */,
				F3B5A50AB535DAE1A34324E0 /* Embed Pods Frameworks */,
				E6D6C4D79AC0806E51B8B24B /* Copy Pods Resources */,
			);
			buildRules = (
			);
			dependencies = (
			);
			name = congressionalTwitter;
			productName = congressionalTwitter;
			productReference = 399AED8F1C927E3500AE488F /* congressionalTwitter.app */;
			productType = "com.apple.product-type.application";
		};
/* End PBXNativeTarget section */

/* Begin PBXProject section */
		399AED871C927E3500AE488F /* Project object */ = {
			isa = PBXProject;
			attributes = {
				LastSwiftUpdateCheck = 0720;
				LastUpgradeCheck = 0720;
				ORGANIZATIONNAME = "Daniel Margulis";
				TargetAttributes = {
					399AED8E1C927E3500AE488F = {
						CreatedOnToolsVersion = 7.2.1;
						DevelopmentTeam = 8AR49KC8X2;
					};
				};
			};
			buildConfigurationList = 399AED8A1C927E3500AE488F /* Build configuration list for PBXProject "congressionalTwitter" */;
			compatibilityVersion = "Xcode 3.2";
			developmentRegion = English;
			hasScannedForEncodings = 0;
			knownRegions = (
				en,
				Base,
			);
			mainGroup = 399AED861C927E3500AE488F;
			productRefGroup = 399AED901C927E3500AE488F /* Products */;
			projectDirPath = "";
			projectRoot = "";
			targets = (
				399AED8E1C927E3500AE488F /* congressionalTwitter */,
			);
		};
/* End PBXProject section */

/* Begin PBXResourcesBuildPhase section */
		399AED8D1C927E3500AE488F /* Resources */ = {
			isa = PBXResourcesBuildPhase;
			buildActionMask = 2147483647;
			files = (
				399AED9D1C927E3500AE488F /* LaunchScreen.storyboard in Resources */,
				399AED9A1C927E3500AE488F /* Assets.xcassets in Resources */,
				399AED981C927E3500AE488F /* Main.storyboard in Resources */,
			);
			runOnlyForDeploymentPostprocessing = 0;
		};
/* End PBXResourcesBuildPhase section */

/* Begin PBXShellScriptBuildPhase section */
		E6D6C4D79AC0806E51B8B24B /* Copy Pods Resources */ = {
			isa = PBXShellScriptBuildPhase;
			buildActionMask = 2147483647;
			files = (
			);
			inputPaths = (
			);
			name = "Copy Pods Resources";
			outputPaths = (
			);
			runOnlyForDeploymentPostprocessing = 0;
			shellPath = /bin/sh;
			shellScript = "\"${SRCROOT}/Pods/Target Support Files/Pods/Pods-resources.sh\"\n";
			showEnvVarsInLog = 0;
		};
		EB36749BBF74111A3E526141 /* Check Pods Manifest.lock */ = {
			isa = PBXShellScriptBuildPhase;
			buildActionMask = 2147483647;
			files = (
			);
			inputPaths = (
			);
			name = "Check Pods Manifest.lock";
			outputPaths = (
			);
			runOnlyForDeploymentPostprocessing = 0;
			shellPath = /bin/sh;
			shellScript = "diff \"${PODS_ROOT}/../Podfile.lock\" \"${PODS_ROOT}/Manifest.lock\" > /dev/null\nif [[ $? != 0 ]] ; then\n    cat << EOM\nerror: The sandbox is not in sync with the Podfile.lock. Run 'pod install' or update your CocoaPods installation.\nEOM\n    exit 1\nfi\n";
			showEnvVarsInLog = 0;
		};
		F3B5A50AB535DAE1A34324E0 /* Embed Pods Frameworks */ = {
			isa = PBXShellScriptBuildPhase;
			buildActionMask = 2147483647;
			files = (
			);
			inputPaths = (
			);
			name = "Embed Pods Frameworks";
			outputPaths = (
			);
			runOnlyForDeploymentPostprocessing = 0;
			shellPath = /bin/sh;
			shellScript = "\"${SRCROOT}/Pods/Target Support Files/Pods/Pods-frameworks.sh\"\n";
			showEnvVarsInLog = 0;
		};
/* End PBXShellScriptBuildPhase section */

/* Begin PBXSourcesBuildPhase section */
		399AED8B1C927E3500AE488F /* Sources */ = {
			isa = PBXSourcesBuildPhase;
			buildActionMask = 2147483647;
			files = (
				399AEDA71C927EE500AE488F /* congressTableViewCell.swift in Sources */,
				399AEDAC1C9282A400AE488F /* congressAPI.swift in Sources */,
				399AEDB31C979ACC00AE488F /* detailTableViewCell.swift in Sources */,
				399AEDBF1C9A34CB00AE488F /* composeViewController.swift in Sources */,
				399AEDB51C979BC400AE488F /* vote.swift in Sources */,
				399AEDB71C97A9EC00AE488F /* voteDetailViewController.swift in Sources */,
				399AED951C927E3500AE488F /* ViewController.swift in Sources */,
				399AEDBB1C97BCD300AE488F /* twitterUser.swift in Sources */,
				398A486A1CC09C7000427138 /* opensecretsAPI.swift in Sources */,
				399AEDA91C927FD800AE488F /* congressPerson.swift in Sources */,
				398A486E1CC0A78300427138 /* contributorsViewController.swift in Sources */,
				399AEDB01C93367B00AE488F /* congressmanDetailView.swift in Sources */,
				399AEDB91C97BA4200AE488F /* twitterAPI.swift in Sources */,
				393B77A11CC4221B00E93AB7 /* bill.swift in Sources */,
				399AED931C927E3500AE488F /* AppDelegate.swift in Sources */,
			);
			runOnlyForDeploymentPostprocessing = 0;
		};
/* End PBXSourcesBuildPhase section */

/* Begin PBXVariantGroup section */
		399AED961C927E3500AE488F /* Main.storyboard */ = {
			isa = PBXVariantGroup;
			children = (
				399AED971C927E3500AE488F /* Base */,
			);
			name = Main.storyboard;
			sourceTree = "<group>";
		};
		399AED9B1C927E3500AE488F /* LaunchScreen.storyboard */ = {
			isa = PBXVariantGroup;
			children = (
				399AED9C1C927E3500AE488F /* Base */,
			);
			name = LaunchScreen.storyboard;
			sourceTree = "<group>";
		};
/* End PBXVariantGroup section */

/* Begin XCBuildConfiguration section */
		399AED9F1C927E3500AE488F /* Debug */ = {
			isa = XCBuildConfiguration;
			buildSettings = {
				ALWAYS_SEARCH_USER_PATHS = NO;
				CLANG_CXX_LANGUAGE_STANDARD = "gnu++0x";
				CLANG_CXX_LIBRARY = "libc++";
				CLANG_ENABLE_MODULES = YES;
				CLANG_ENABLE_OBJC_ARC = YES;
				CLANG_WARN_BOOL_CONVERSION = YES;
				CLANG_WARN_CONSTANT_CONVERSION = YES;
				CLANG_WARN_DIRECT_OBJC_ISA_USAGE = YES_ERROR;
				CLANG_WARN_EMPTY_BODY = YES;
				CLANG_WARN_ENUM_CONVERSION = YES;
				CLANG_WARN_INT_CONVERSION = YES;
				CLANG_WARN_OBJC_ROOT_CLASS = YES_ERROR;
				CLANG_WARN_UNREACHABLE_CODE = YES;
				CLANG_WARN__DUPLICATE_METHOD_MATCH = YES;
				"CODE_SIGN_IDENTITY[sdk=iphoneos*]" = "iPhone Developer";
				COPY_PHASE_STRIP = NO;
				DEBUG_INFORMATION_FORMAT = dwarf;
				ENABLE_STRICT_OBJC_MSGSEND = YES;
				ENABLE_TESTABILITY = YES;
				GCC_C_LANGUAGE_STANDARD = gnu99;
				GCC_DYNAMIC_NO_PIC = NO;
				GCC_NO_COMMON_BLOCKS = YES;
				GCC_OPTIMIZATION_LEVEL = 0;
				GCC_PREPROCESSOR_DEFINITIONS = (
					"DEBUG=1",
					"$(inherited)",
				);
				GCC_WARN_64_TO_32_BIT_CONVERSION = YES;
				GCC_WARN_ABOUT_RETURN_TYPE = YES_ERROR;
				GCC_WARN_UNDECLARED_SELECTOR = YES;
				GCC_WARN_UNINITIALIZED_AUTOS = YES_AGGRESSIVE;
				GCC_WARN_UNUSED_FUNCTION = YES;
				GCC_WARN_UNUSED_VARIABLE = YES;
				IPHONEOS_DEPLOYMENT_TARGET = 9.2;
				MTL_ENABLE_DEBUG_INFO = YES;
				ONLY_ACTIVE_ARCH = YES;
				SDKROOT = iphoneos;
				SWIFT_OPTIMIZATION_LEVEL = "-Onone";
			};
			name = Debug;
		};
		399AEDA01C927E3500AE488F /* Release */ = {
			isa = XCBuildConfiguration;
			buildSettings = {
				ALWAYS_SEARCH_USER_PATHS = NO;
				CLANG_CXX_LANGUAGE_STANDARD = "gnu++0x";
				CLANG_CXX_LIBRARY = "libc++";
				CLANG_ENABLE_MODULES = YES;
				CLANG_ENABLE_OBJC_ARC = YES;
				CLANG_WARN_BOOL_CONVERSION = YES;
				CLANG_WARN_CONSTANT_CONVERSION = YES;
				CLANG_WARN_DIRECT_OBJC_ISA_USAGE = YES_ERROR;
				CLANG_WARN_EMPTY_BODY = YES;
				CLANG_WARN_ENUM_CONVERSION = YES;
				CLANG_WARN_INT_CONVERSION = YES;
				CLANG_WARN_OBJC_ROOT_CLASS = YES_ERROR;
				CLANG_WARN_UNREACHABLE_CODE = YES;
				CLANG_WARN__DUPLICATE_METHOD_MATCH = YES;
				"CODE_SIGN_IDENTITY[sdk=iphoneos*]" = "iPhone Developer";
				COPY_PHASE_STRIP = NO;
				DEBUG_INFORMATION_FORMAT = "dwarf-with-dsym";
				ENABLE_NS_ASSERTIONS = NO;
				ENABLE_STRICT_OBJC_MSGSEND = YES;
				GCC_C_LANGUAGE_STANDARD = gnu99;
				GCC_NO_COMMON_BLOCKS = YES;
				GCC_WARN_64_TO_32_BIT_CONVERSION = YES;
				GCC_WARN_ABOUT_RETURN_TYPE = YES_ERROR;
				GCC_WARN_UNDECLARED_SELECTOR = YES;
				GCC_WARN_UNINITIALIZED_AUTOS = YES_AGGRESSIVE;
				GCC_WARN_UNUSED_FUNCTION = YES;
				GCC_WARN_UNUSED_VARIABLE = YES;
				IPHONEOS_DEPLOYMENT_TARGET = 9.2;
				MTL_ENABLE_DEBUG_INFO = NO;
				SDKROOT = iphoneos;
				VALIDATE_PRODUCT = YES;
			};
			name = Release;
		};
		399AEDA21C927E3500AE488F /* Debug */ = {
			isa = XCBuildConfiguration;
			baseConfigurationReference = 32D662EDAE325B89DDE005A2 /* Pods.debug.xcconfig */;
			buildSettings = {
				ASSETCATALOG_COMPILER_APPICON_NAME = AppIcon;
				CODE_SIGN_IDENTITY = "iPhone Developer";
				"CODE_SIGN_IDENTITY[sdk=iphoneos*]" = "iPhone Developer";
				INFOPLIST_FILE = congressionalTwitter/Info.plist;
				IPHONEOS_DEPLOYMENT_TARGET = 8.0;
				LD_RUNPATH_SEARCH_PATHS = "$(inherited) @executable_path/Frameworks";
				PRODUCT_BUNDLE_IDENTIFIER = dan.congressionalTwitter;
				PRODUCT_NAME = "$(TARGET_NAME)";
				PROVISIONING_PROFILE = "";
				TARGETED_DEVICE_FAMILY = 1;
			};
			name = Debug;
		};
		399AEDA31C927E3500AE488F /* Release */ = {
			isa = XCBuildConfiguration;
			baseConfigurationReference = 514966BB35D85546A91AA222 /* Pods.release.xcconfig */;
			buildSettings = {
				ASSETCATALOG_COMPILER_APPICON_NAME = AppIcon;
				CODE_SIGN_IDENTITY = "iPhone Developer";
				"CODE_SIGN_IDENTITY[sdk=iphoneos*]" = "iPhone Developer";
				INFOPLIST_FILE = congressionalTwitter/Info.plist;
				IPHONEOS_DEPLOYMENT_TARGET = 8.0;
				LD_RUNPATH_SEARCH_PATHS = "$(inherited) @executable_path/Frameworks";
				PRODUCT_BUNDLE_IDENTIFIER = dan.congressionalTwitter;
				PRODUCT_NAME = "$(TARGET_NAME)";
				PROVISIONING_PROFILE = "";
				TARGETED_DEVICE_FAMILY = 1;
			};
			name = Release;
		};
/* End XCBuildConfiguration section */

/* Begin XCConfigurationList section */
		399AED8A1C927E3500AE488F /* Build configuration list for PBXProject "congressionalTwitter" */ = {
			isa = XCConfigurationList;
			buildConfigurations = (
				399AED9F1C927E3500AE488F /* Debug */,
				399AEDA01C927E3500AE488F /* Release */,
			);
			defaultConfigurationIsVisible = 0;
			defaultConfigurationName = Release;
		};
		399AEDA11C927E3500AE488F /* Build configuration list for PBXNativeTarget "congressionalTwitter" */ = {
			isa = XCConfigurationList;
			buildConfigurations = (
				399AEDA21C927E3500AE488F /* Debug */,
				399AEDA31C927E3500AE488F /* Release */,
			);
			defaultConfigurationIsVisible = 0;
			defaultConfigurationName = Release;
		};
/* End XCConfigurationList section */
	};
	rootObject = 399AED871C927E3500AE488F /* Project object */;
}
