// !$*UTF8*$!
{
	archiveVersion = 1;
	classes = {
	};
	objectVersion = 46;
	objects = {

/* Begin PBXBuildFile section */
		399AED931C927E3500AE488F /* AppDelegate.swift in Sources */ = {isa = PBXBuildFile; fileRef = 399AED921C927E3500AE488F /* AppDelegate.swift */; };
		399AED951C927E3500AE488F /* ViewController.swift in Sources */ = {isa = PBXBuildFile; fileRef = 399AED941C927E3500AE488F /* ViewController.swift */; };
		399AED981C927E3500AE488F /* Main.storyboard in Resources */ = {isa = PBXBuildFile; fileRef = 399AED961C927E3500AE488F /* Main.storyboard */; };
		399AED9A1C927E3500AE488F /* Assets.xcassets in Resources */ = {isa = PBXBuildFile; fileRef = 399AED991C927E3500AE488F /* Assets.xcassets */; };
		399AED9D1C927E3500AE488F /* LaunchScreen.storyboard in Resources */ = {isa = PBXBuildFile; fileRef = 399AED9B1C927E3500AE488F /* LaunchScreen.storyboard */; };
/* End PBXBuildFile section */

/* Begin PBXFileReference section */
		399AED8F1C927E3500AE488F /* congressionalTwitter.app */ = {isa = PBXFileReference; explicitFileType = wrapper.application; includeInIndex = 0; path = congressionalTwitter.app; sourceTree = BUILT_PRODUCTS_DIR; };
		399AED921C927E3500AE488F /* AppDelegate.swift */ = {isa = PBXFileReference; lastKnownFileType = sourcecode.swift; path = AppDelegate.swift; sourceTree = "<group>"; };
		399AED941C927E3500AE488F /* ViewController.swift */ = {isa = PBXFileReference; lastKnownFileType = sourcecode.swift; path = ViewController.swift; sourceTree = "<group>"; };
		399AED971C927E3500AE488F /* Base */ = {isa = PBXFileReference; lastKnownFileType = file.storyboard; name = Base; path = Base.lproj/Main.storyboard; sourceTree = "<group>"; };
		399AED991C927E3500AE488F /* Assets.xcassets */ = {isa = PBXFileReference; lastKnownFileType = folder.assetcatalog; path = Assets.xcassets; sourceTree = "<group>"; };
		399AED9C1C927E3500AE488F /* Base */ = {isa = PBXFileReference; lastKnownFileType = file.storyboard; name = Base; path = Base.lproj/LaunchScreen.storyboard; sourceTree = "<group>"; };
		399AED9E1C927E3500AE488F /* Info.plist */ = {isa = PBXFileReference; lastKnownFileType = text.plist.xml; path = Info.plist; sourceTree = "<group>"; };
/* End PBXFileReference section */

/* Begin PBXFrameworksBuildPhase section */
		399AED8C1C927E3500AE488F /* Frameworks */ = {
			isa = PBXFrameworksBuildPhase;
			buildActionMask = 2147483647;
			files = (
			);
			runOnlyForDeploymentPostprocessing = 0;
		};
/* End PBXFrameworksBuildPhase section */

/* Begin PBXGroup section */
		399AED861C927E3500AE488F = {
			isa = PBXGroup;
			children = (
				399AED911C927E3500AE488F /* congressionalTwitter */,
				399AED901C927E3500AE488F /* Products */,
			);
			sourceTree = "<group>";
		};
		399AED901C927E3500AE488F /* Products */ = {
			isa = PBXGroup;
			children = (
				399AED8F1C927E3500AE488F /* congressionalTwitter.app */,
			);
			name = Products;
			sourceTree = "<group>";
		};
		399AED911C927E3500AE488F /* congressionalTwitter */ = {
			isa = PBXGroup;
			children = (
				399AED921C927E3500AE488F /* AppDelegate.swift */,
				399AED941C927E3500AE488F /* ViewController.swift */,
				399AED961C927E3500AE488F /* Main.storyboard */,
				399AED991C927E3500AE488F /* Assets.xcassets */,
				399AED9B1C927E3500AE488F /* LaunchScreen.storyboard */,
				399AED9E1C927E3500AE488F /* Info.plist */,
			);
			path = congressionalTwitter;
			sourceTree = "<group>";
		};
/* End PBXGroup section */

/* Begin PBXNativeTarget section */
		399AED8E1C927E3500AE488F /* congressionalTwitter */ = {
			isa = PBXNativeTarget;
			buildConfigurationList = 399AEDA11C927E3500AE488F /* Build configuration list for PBXNativeTarget "congressionalTwitter" */;
			buildPhases = (
				399AED8B1C927E3500AE488F /* Sources */,
				399AED8C1C927E3500AE488F /* Frameworks */,
				399AED8D1C927E3500AE488F /* Resources */,
			);
			buildRules = (
			);
			dependencies = (
			);
			name = congressionalTwitter;
			productName = congressionalTwitter;
			productReference = 399AED8F1C927E3500AE488F /* congressionalTwitter.app */;
			productType = "com.apple.product-type.application";
		};
/* End PBXNativeTarget section */

/* Begin PBXProject section */
		399AED871C927E3500AE488F /* Project object */ = {
			isa = PBXProject;
			attributes = {
				LastSwiftUpdateCheck = 0720;
				LastUpgradeCheck = 0720;
				ORGANIZATIONNAME = "Daniel Margulis";
				TargetAttributes = {
					399AED8E1C927E3500AE488F = {
						CreatedOnToolsVersion = 7.2.1;
					};
				};
			};
			buildConfigurationList = 399AED8A1C927E3500AE488F /* Build configuration list for PBXProject "congressionalTwitter" */;
			compatibilityVersion = "Xcode 3.2";
			developmentRegion = English;
			hasScannedForEncodings = 0;
			knownRegions = (
				en,
				Base,
			);
			mainGroup = 399AED861C927E3500AE488F;
			productRefGroup = 399AED901C927E3500AE488F /* Products */;
			projectDirPath = "";
			projectRoot = "";
			targets = (
				399AED8E1C927E3500AE488F /* congressionalTwitter */,
			);
		};
/* End PBXProject section */

/* Begin PBXResourcesBuildPhase section */
		399AED8D1C927E3500AE488F /* Resources */ = {
			isa = PBXResourcesBuildPhase;
			buildActionMask = 2147483647;
			files = (
				399AED9D1C927E3500AE488F /* LaunchScreen.storyboard in Resources */,
				399AED9A1C927E3500AE488F /* Assets.xcassets in Resources */,
				399AED981C927E3500AE488F /* Main.storyboard in Resources */,
			);
			runOnlyForDeploymentPostprocessing = 0;
		};
/* End PBXResourcesBuildPhase section */

/* Begin PBXSourcesBuildPhase section */
		399AED8B1C927E3500AE488F /* Sources */ = {
			isa = PBXSourcesBuildPhase;
			buildActionMask = 2147483647;
			files = (
				399AED951C927E3500AE488F /* ViewController.swift in Sources */,
				399AED931C927E3500AE488F /* AppDelegate.swift in Sources */,
			);
			runOnlyForDeploymentPostprocessing = 0;
		};
/* End PBXSourcesBuildPhase section */

/* Begin PBXVariantGroup section */
		399AED961C927E3500AE488F /* Main.storyboard */ = {
			isa = PBXVariantGroup;
			children = (
				399AED971C927E3500AE488F /* Base */,
			);
			name = Main.storyboard;
			sourceTree = "<group>";
		};
		399AED9B1C927E3500AE488F /* LaunchScreen.storyboard */ = {
			isa = PBXVariantGroup;
			children = (
				399AED9C1C927E3500AE488F /* Base */,
			);
			name = LaunchScreen.storyboard;
			sourceTree = "<group>";
		};
/* End PBXVariantGroup section */

/* Begin XCBuildConfiguration section */
		399AED9F1C927E3500AE488F /* Debug */ = {
			isa = XCBuildConfiguration;
			buildSettings = {
				ALWAYS_SEARCH_USER_PATHS = NO;
				CLANG_CXX_LANGUAGE_STANDARD = "gnu++0x";
				CLANG_CXX_LIBRARY = "libc++";
				CLANG_ENABLE_MODULES = YES;
				CLANG_ENABLE_OBJC_ARC = YES;
				CLANG_WARN_BOOL_CONVERSION = YES;
				CLANG_WARN_CONSTANT_CONVERSION = YES;
				CLANG_WARN_DIRECT_OBJC_ISA_USAGE = YES_ERROR;
				CLANG_WARN_EMPTY_BODY = YES;
				CLANG_WARN_ENUM_CONVERSION = YES;
				CLANG_WARN_INT_CONVERSION = YES;
				CLANG_WARN_OBJC_ROOT_CLASS = YES_ERROR;
				CLANG_WARN_UNREACHABLE_CODE = YES;
				CLANG_WARN__DUPLICATE_METHOD_MATCH = YES;
				"CODE_SIGN_IDENTITY[sdk=iphoneos*]" = "iPhone Developer";
				COPY_PHASE_STRIP = NO;
				DEBUG_INFORMATION_FORMAT = dwarf;
				ENABLE_STRICT_OBJC_MSGSEND = YES;
				ENABLE_TESTABILITY = YES;
				GCC_C_LANGUAGE_STANDARD = gnu99;
				GCC_DYNAMIC_NO_PIC = NO;
				GCC_NO_COMMON_BLOCKS = YES;
				GCC_OPTIMIZATION_LEVEL = 0;
				GCC_PREPROCESSOR_DEFINITIONS = (
					"DEBUG=1",
					"$(inherited)",
				);
				GCC_WARN_64_TO_32_BIT_CONVERSION = YES;
				GCC_WARN_ABOUT_RETURN_TYPE = YES_ERROR;
				GCC_WARN_UNDECLARED_SELECTOR = YES;
				GCC_WARN_UNINITIALIZED_AUTOS = YES_AGGRESSIVE;
				GCC_WARN_UNUSED_FUNCTION = YES;
				GCC_WARN_UNUSED_VARIABLE = YES;
				IPHONEOS_DEPLOYMENT_TARGET = 9.2;
				MTL_ENABLE_DEBUG_INFO = YES;
				ONLY_ACTIVE_ARCH = YES;
				SDKROOT = iphoneos;
				SWIFT_OPTIMIZATION_LEVEL = "-Onone";
			};
			name = Debug;
		};
		399AEDA01C927E3500AE488F /* Release */ = {
			isa = XCBuildConfiguration;
			buildSettings = {
				ALWAYS_SEARCH_USER_PATHS = NO;
				CLANG_CXX_LANGUAGE_STANDARD = "gnu++0x";
				CLANG_CXX_LIBRARY = "libc++";
				CLANG_ENABLE_MODULES = YES;
				CLANG_ENABLE_OBJC_ARC = YES;
				CLANG_WARN_BOOL_CONVERSION = YES;
				CLANG_WARN_CONSTANT_CONVERSION = YES;
				CLANG_WARN_DIRECT_OBJC_ISA_USAGE = YES_ERROR;
				CLANG_WARN_EMPTY_BODY = YES;
				CLANG_WARN_ENUM_CONVERSION = YES;
				CLANG_WARN_INT_CONVERSION = YES;
				CLANG_WARN_OBJC_ROOT_CLASS = YES_ERROR;
				CLANG_WARN_UNREACHABLE_CODE = YES;
				CLANG_WARN__DUPLICATE_METHOD_MATCH = YES;
				"CODE_SIGN_IDENTITY[sdk=iphoneos*]" = "iPhone Developer";
				COPY_PHASE_STRIP = NO;
				DEBUG_INFORMATION_FORMAT = "dwarf-with-dsym";
				ENABLE_NS_ASSERTIONS = NO;
				ENABLE_STRICT_OBJC_MSGSEND = YES;
				GCC_C_LANGUAGE_STANDARD = gnu99;
				GCC_NO_COMMON_BLOCKS = YES;
				GCC_WARN_64_TO_32_BIT_CONVERSION = YES;
				GCC_WARN_ABOUT_RETURN_TYPE = YES_ERROR;
				GCC_WARN_UNDECLARED_SELECTOR = YES;
				GCC_WARN_UNINITIALIZED_AUTOS = YES_AGGRESSIVE;
				GCC_WARN_UNUSED_FUNCTION = YES;
				GCC_WARN_UNUSED_VARIABLE = YES;
				IPHONEOS_DEPLOYMENT_TARGET = 9.2;
				MTL_ENABLE_DEBUG_INFO = NO;
				SDKROOT = iphoneos;
				VALIDATE_PRODUCT = YES;
			};
			name = Release;
		};
		399AEDA21C927E3500AE488F /* Debug */ = {
			isa = XCBuildConfiguration;
			buildSettings = {
				ASSETCATALOG_COMPILER_APPICON_NAME = AppIcon;
				INFOPLIST_FILE = congressionalTwitter/Info.plist;
				LD_RUNPATH_SEARCH_PATHS = "$(inherited) @executable_path/Frameworks";
				PRODUCT_BUNDLE_IDENTIFIER = dan.congressionalTwitter;
				PRODUCT_NAME = "$(TARGET_NAME)";
			};
			name = Debug;
		};
		399AEDA31C927E3500AE488F /* Release */ = {
			isa = XCBuildConfiguration;
			buildSettings = {
				ASSETCATALOG_COMPILER_APPICON_NAME = AppIcon;
				INFOPLIST_FILE = congressionalTwitter/Info.plist;
				LD_RUNPATH_SEARCH_PATHS = "$(inherited) @executable_path/Frameworks";
				PRODUCT_BUNDLE_IDENTIFIER = dan.congressionalTwitter;
				PRODUCT_NAME = "$(TARGET_NAME)";
			};
			name = Release;
		};
/* End XCBuildConfiguration section */

/* Begin XCConfigurationList section */
		399AED8A1C927E3500AE488F /* Build configuration list for PBXProject "congressionalTwitter" */ = {
			isa = XCConfigurationList;
			buildConfigurations = (
				399AED9F1C927E3500AE488F /* Debug */,
				399AEDA01C927E3500AE488F /* Release */,
			);
			defaultConfigurationIsVisible = 0;
			defaultConfigurationName = Release;
		};
		399AEDA11C927E3500AE488F /* Build configuration list for PBXNativeTarget "congressionalTwitter" */ = {
			isa = XCConfigurationList;
			buildConfigurations = (
				399AEDA21C927E3500AE488F /* Debug */,
				399AEDA31C927E3500AE488F /* Release */,
			);
			defaultConfigurationIsVisible = 0;
		};
/* End XCConfigurationList section */
	};
	rootObject = 399AED871C927E3500AE488F /* Project object */;
}
